// !$*UTF8*$!
{
	archiveVersion = 1;
	classes = {
	};
	objectVersion = 56;
	objects = {

/* Begin PBXBuildFile section */
		CFEEBA6A2C3763B800F3B4F6 /* AppDelegate.swift in Sources */ = {isa = PBXBuildFile; fileRef = CFEEBA682C3763B800F3B4F6 /* AppDelegate.swift */; };
		CFEEBA6B2C3763B800F3B4F6 /* SceneDelegate.swift in Sources */ = {isa = PBXBuildFile; fileRef = CFEEBA692C3763B800F3B4F6 /* SceneDelegate.swift */; };
		CFEEBA6F2C3763C200F3B4F6 /* README.md in Resources */ = {isa = PBXBuildFile; fileRef = CFEEBA6D2C3763C200F3B4F6 /* README.md */; };
		CFEEBA772C37643200F3B4F6 /* HomeViewController.swift in Sources */ = {isa = PBXBuildFile; fileRef = CFEEBA742C37643200F3B4F6 /* HomeViewController.swift */; };
		CFEEBA782C37643200F3B4F6 /* SelcalViewController.swift in Sources */ = {isa = PBXBuildFile; fileRef = CFEEBA752C37643200F3B4F6 /* SelcalViewController.swift */; };
		CFEEBA7A2C37694B00F3B4F6 /* UI+Styling.swift in Sources */ = {isa = PBXBuildFile; fileRef = CFEEBA792C37694B00F3B4F6 /* UI+Styling.swift */; };
		CFEEBB012C376CED00F3B4F6 /* A.mp3 in Resources */ = {isa = PBXBuildFile; fileRef = CFEEBAE62C376CED00F3B4F6 /* A.mp3 */; };
		CFEEBB022C376CED00F3B4F6 /* B.mp3 in Resources */ = {isa = PBXBuildFile; fileRef = CFEEBAE72C376CED00F3B4F6 /* B.mp3 */; };
		CFEEBB032C376CED00F3B4F6 /* C.mp3 in Resources */ = {isa = PBXBuildFile; fileRef = CFEEBAE82C376CED00F3B4F6 /* C.mp3 */; };
		CFEEBB042C376CED00F3B4F6 /* D.mp3 in Resources */ = {isa = PBXBuildFile; fileRef = CFEEBAE92C376CED00F3B4F6 /* D.mp3 */; };
		CFEEBB052C376CED00F3B4F6 /* E.mp3 in Resources */ = {isa = PBXBuildFile; fileRef = CFEEBAEA2C376CED00F3B4F6 /* E.mp3 */; };
		CFEEBB062C376CED00F3B4F6 /* F.mp3 in Resources */ = {isa = PBXBuildFile; fileRef = CFEEBAEB2C376CED00F3B4F6 /* F.mp3 */; };
		CFEEBB072C376CED00F3B4F6 /* G.mp3 in Resources */ = {isa = PBXBuildFile; fileRef = CFEEBAEC2C376CED00F3B4F6 /* G.mp3 */; };
		CFEEBB082C376CED00F3B4F6 /* H.mp3 in Resources */ = {isa = PBXBuildFile; fileRef = CFEEBAED2C376CED00F3B4F6 /* H.mp3 */; };
		CFEEBB092C376CED00F3B4F6 /* I.mp3 in Resources */ = {isa = PBXBuildFile; fileRef = CFEEBAEE2C376CED00F3B4F6 /* I.mp3 */; };
		CFEEBB0A2C376CED00F3B4F6 /* J.mp3 in Resources */ = {isa = PBXBuildFile; fileRef = CFEEBAEF2C376CED00F3B4F6 /* J.mp3 */; };
		CFEEBB0B2C376CED00F3B4F6 /* K.mp3 in Resources */ = {isa = PBXBuildFile; fileRef = CFEEBAF02C376CED00F3B4F6 /* K.mp3 */; };
		CFEEBB0C2C376CED00F3B4F6 /* L.mp3 in Resources */ = {isa = PBXBuildFile; fileRef = CFEEBAF12C376CED00F3B4F6 /* L.mp3 */; };
		CFEEBB0D2C376CED00F3B4F6 /* M.mp3 in Resources */ = {isa = PBXBuildFile; fileRef = CFEEBAF22C376CED00F3B4F6 /* M.mp3 */; };
		CFEEBB0E2C376CED00F3B4F6 /* N.mp3 in Resources */ = {isa = PBXBuildFile; fileRef = CFEEBAF32C376CED00F3B4F6 /* N.mp3 */; };
		CFEEBB0F2C376CED00F3B4F6 /* O.mp3 in Resources */ = {isa = PBXBuildFile; fileRef = CFEEBAF42C376CED00F3B4F6 /* O.mp3 */; };
		CFEEBB102C376CED00F3B4F6 /* P.mp3 in Resources */ = {isa = PBXBuildFile; fileRef = CFEEBAF52C376CED00F3B4F6 /* P.mp3 */; };
		CFEEBB112C376CED00F3B4F6 /* Q.mp3 in Resources */ = {isa = PBXBuildFile; fileRef = CFEEBAF62C376CED00F3B4F6 /* Q.mp3 */; };
		CFEEBB122C376CED00F3B4F6 /* R.mp3 in Resources */ = {isa = PBXBuildFile; fileRef = CFEEBAF72C376CED00F3B4F6 /* R.mp3 */; };
		CFEEBB132C376CED00F3B4F6 /* S.mp3 in Resources */ = {isa = PBXBuildFile; fileRef = CFEEBAF82C376CED00F3B4F6 /* S.mp3 */; };
		CFEEBB142C376CED00F3B4F6 /* T.mp3 in Resources */ = {isa = PBXBuildFile; fileRef = CFEEBAF92C376CED00F3B4F6 /* T.mp3 */; };
		CFEEBB152C376CED00F3B4F6 /* U.mp3 in Resources */ = {isa = PBXBuildFile; fileRef = CFEEBAFA2C376CED00F3B4F6 /* U.mp3 */; };
		CFEEBB162C376CED00F3B4F6 /* V.mp3 in Resources */ = {isa = PBXBuildFile; fileRef = CFEEBAFB2C376CED00F3B4F6 /* V.mp3 */; };
		CFEEBB172C376CED00F3B4F6 /* W.mp3 in Resources */ = {isa = PBXBuildFile; fileRef = CFEEBAFC2C376CED00F3B4F6 /* W.mp3 */; };
		CFEEBB182C376CED00F3B4F6 /* X.mp3 in Resources */ = {isa = PBXBuildFile; fileRef = CFEEBAFD2C376CED00F3B4F6 /* X.mp3 */; };
		CFEEBB192C376CED00F3B4F6 /* Y.mp3 in Resources */ = {isa = PBXBuildFile; fileRef = CFEEBAFE2C376CED00F3B4F6 /* Y.mp3 */; };
		CFEEBB1A2C376CED00F3B4F6 /* Z.mp3 in Resources */ = {isa = PBXBuildFile; fileRef = CFEEBAFF2C376CED00F3B4F6 /* Z.mp3 */; };
		CFEEBB1C2C3771F700F3B4F6 /* logo.png in Resources */ = {isa = PBXBuildFile; fileRef = CFEEBB1B2C3771F700F3B4F6 /* logo.png */; };
/* End PBXBuildFile section */

/* Begin PBXFileReference section */
		CF3719D72C37598A00DF8534 /* SELCALToneGen.app */ = {isa = PBXFileReference; explicitFileType = wrapper.application; includeInIndex = 0; path = SELCALToneGen.app; sourceTree = BUILT_PRODUCTS_DIR; };
		CFEEBA682C3763B800F3B4F6 /* AppDelegate.swift */ = {isa = PBXFileReference; fileEncoding = 4; lastKnownFileType = sourcecode.swift; path = AppDelegate.swift; sourceTree = "<group>"; };
		CFEEBA692C3763B800F3B4F6 /* SceneDelegate.swift */ = {isa = PBXFileReference; fileEncoding = 4; lastKnownFileType = sourcecode.swift; path = SceneDelegate.swift; sourceTree = "<group>"; };
		CFEEBA6C2C3763C200F3B4F6 /* Info.plist */ = {isa = PBXFileReference; fileEncoding = 4; lastKnownFileType = text.plist.xml; path = Info.plist; sourceTree = "<group>"; };
		CFEEBA6D2C3763C200F3B4F6 /* README.md */ = {isa = PBXFileReference; fileEncoding = 4; lastKnownFileType = net.daringfireball.markdown; path = README.md; sourceTree = "<group>"; };
		CFEEBA742C37643200F3B4F6 /* HomeViewController.swift */ = {isa = PBXFileReference; fileEncoding = 4; lastKnownFileType = sourcecode.swift; path = HomeViewController.swift; sourceTree = "<group>"; };
		CFEEBA752C37643200F3B4F6 /* SelcalViewController.swift */ = {isa = PBXFileReference; fileEncoding = 4; lastKnownFileType = sourcecode.swift; path = SelcalViewController.swift; sourceTree = "<group>"; };
		CFEEBA792C37694B00F3B4F6 /* UI+Styling.swift */ = {isa = PBXFileReference; lastKnownFileType = sourcecode.swift; path = "UI+Styling.swift"; sourceTree = "<group>"; };
		CFEEBAE62C376CED00F3B4F6 /* A.mp3 */ = {isa = PBXFileReference; lastKnownFileType = audio.mp3; path = A.mp3; sourceTree = "<group>"; };
		CFEEBAE72C376CED00F3B4F6 /* B.mp3 */ = {isa = PBXFileReference; lastKnownFileType = audio.mp3; path = B.mp3; sourceTree = "<group>"; };
		CFEEBAE82C376CED00F3B4F6 /* C.mp3 */ = {isa = PBXFileReference; lastKnownFileType = audio.mp3; path = C.mp3; sourceTree = "<group>"; };
		CFEEBAE92C376CED00F3B4F6 /* D.mp3 */ = {isa = PBXFileReference; lastKnownFileType = audio.mp3; path = D.mp3; sourceTree = "<group>"; };
		CFEEBAEA2C376CED00F3B4F6 /* E.mp3 */ = {isa = PBXFileReference; lastKnownFileType = audio.mp3; path = E.mp3; sourceTree = "<group>"; };
		CFEEBAEB2C376CED00F3B4F6 /* F.mp3 */ = {isa = PBXFileReference; lastKnownFileType = audio.mp3; path = F.mp3; sourceTree = "<group>"; };
		CFEEBAEC2C376CED00F3B4F6 /* G.mp3 */ = {isa = PBXFileReference; lastKnownFileType = audio.mp3; path = G.mp3; sourceTree = "<group>"; };
		CFEEBAED2C376CED00F3B4F6 /* H.mp3 */ = {isa = PBXFileReference; lastKnownFileType = audio.mp3; path = H.mp3; sourceTree = "<group>"; };
		CFEEBAEE2C376CED00F3B4F6 /* I.mp3 */ = {isa = PBXFileReference; lastKnownFileType = audio.mp3; path = I.mp3; sourceTree = "<group>"; };
		CFEEBAEF2C376CED00F3B4F6 /* J.mp3 */ = {isa = PBXFileReference; lastKnownFileType = audio.mp3; path = J.mp3; sourceTree = "<group>"; };
		CFEEBAF02C376CED00F3B4F6 /* K.mp3 */ = {isa = PBXFileReference; lastKnownFileType = audio.mp3; path = K.mp3; sourceTree = "<group>"; };
		CFEEBAF12C376CED00F3B4F6 /* L.mp3 */ = {isa = PBXFileReference; lastKnownFileType = audio.mp3; path = L.mp3; sourceTree = "<group>"; };
		CFEEBAF22C376CED00F3B4F6 /* M.mp3 */ = {isa = PBXFileReference; lastKnownFileType = audio.mp3; path = M.mp3; sourceTree = "<group>"; };
		CFEEBAF32C376CED00F3B4F6 /* N.mp3 */ = {isa = PBXFileReference; lastKnownFileType = audio.mp3; path = N.mp3; sourceTree = "<group>"; };
		CFEEBAF42C376CED00F3B4F6 /* O.mp3 */ = {isa = PBXFileReference; lastKnownFileType = audio.mp3; path = O.mp3; sourceTree = "<group>"; };
		CFEEBAF52C376CED00F3B4F6 /* P.mp3 */ = {isa = PBXFileReference; lastKnownFileType = audio.mp3; path = P.mp3; sourceTree = "<group>"; };
		CFEEBAF62C376CED00F3B4F6 /* Q.mp3 */ = {isa = PBXFileReference; lastKnownFileType = audio.mp3; path = Q.mp3; sourceTree = "<group>"; };
		CFEEBAF72C376CED00F3B4F6 /* R.mp3 */ = {isa = PBXFileReference; lastKnownFileType = audio.mp3; path = R.mp3; sourceTree = "<group>"; };
		CFEEBAF82C376CED00F3B4F6 /* S.mp3 */ = {isa = PBXFileReference; lastKnownFileType = audio.mp3; path = S.mp3; sourceTree = "<group>"; };
		CFEEBAF92C376CED00F3B4F6 /* T.mp3 */ = {isa = PBXFileReference; lastKnownFileType = audio.mp3; path = T.mp3; sourceTree = "<group>"; };
		CFEEBAFA2C376CED00F3B4F6 /* U.mp3 */ = {isa = PBXFileReference; lastKnownFileType = audio.mp3; path = U.mp3; sourceTree = "<group>"; };
		CFEEBAFB2C376CED00F3B4F6 /* V.mp3 */ = {isa = PBXFileReference; lastKnownFileType = audio.mp3; path = V.mp3; sourceTree = "<group>"; };
		CFEEBAFC2C376CED00F3B4F6 /* W.mp3 */ = {isa = PBXFileReference; lastKnownFileType = audio.mp3; path = W.mp3; sourceTree = "<group>"; };
		CFEEBAFD2C376CED00F3B4F6 /* X.mp3 */ = {isa = PBXFileReference; lastKnownFileType = audio.mp3; path = X.mp3; sourceTree = "<group>"; };
		CFEEBAFE2C376CED00F3B4F6 /* Y.mp3 */ = {isa = PBXFileReference; lastKnownFileType = audio.mp3; path = Y.mp3; sourceTree = "<group>"; };
		CFEEBAFF2C376CED00F3B4F6 /* Z.mp3 */ = {isa = PBXFileReference; lastKnownFileType = audio.mp3; path = Z.mp3; sourceTree = "<group>"; };
		CFEEBB1B2C3771F700F3B4F6 /* logo.png */ = {isa = PBXFileReference; lastKnownFileType = image.png; path = logo.png; sourceTree = "<group>"; };
/* End PBXFileReference section */

/* Begin PBXFrameworksBuildPhase section */
		CF3719D42C37598A00DF8534 /* Frameworks */ = {
			isa = PBXFrameworksBuildPhase;
			buildActionMask = 2147483647;
			files = (
			);
			runOnlyForDeploymentPostprocessing = 0;
		};
/* End PBXFrameworksBuildPhase section */

/* Begin PBXGroup section */
		CF3719CE2C37598A00DF8534 = {
			isa = PBXGroup;
			children = (
				CFEEBB002C376CED00F3B4F6 /* Resources */,
				CFEEBA7B2C37694E00F3B4F6 /* Utilities */,
				CFEEBA762C37643200F3B4F6 /* Views */,
				CFEEBA6C2C3763C200F3B4F6 /* Info.plist */,
				CFEEBA6D2C3763C200F3B4F6 /* README.md */,
				CFEEBA682C3763B800F3B4F6 /* AppDelegate.swift */,
				CFEEBA692C3763B800F3B4F6 /* SceneDelegate.swift */,
				CF3719D82C37598A00DF8534 /* Products */,
			);
			sourceTree = "<group>";
		};
		CF3719D82C37598A00DF8534 /* Products */ = {
			isa = PBXGroup;
			children = (
				CF3719D72C37598A00DF8534 /* SELCALToneGen.app */,
			);
			name = Products;
			sourceTree = "<group>";
		};
		CFEEBA762C37643200F3B4F6 /* Views */ = {
			isa = PBXGroup;
			children = (
				CFEEBA742C37643200F3B4F6 /* HomeViewController.swift */,
				CFEEBA752C37643200F3B4F6 /* SelcalViewController.swift */,
			);
			path = Views;
			sourceTree = "<group>";
		};
		CFEEBA7B2C37694E00F3B4F6 /* Utilities */ = {
			isa = PBXGroup;
			children = (
				CFEEBA792C37694B00F3B4F6 /* UI+Styling.swift */,
			);
			path = Utilities;
			sourceTree = "<group>";
		};
		CFEEBB002C376CED00F3B4F6 /* Resources */ = {
			isa = PBXGroup;
			children = (
				CFEEBB1E2C37720600F3B4F6 /* mp3 */,
				CFEEBB1B2C3771F700F3B4F6 /* logo.png */,
			);
			path = Resources;
			sourceTree = "<group>";
		};
		CFEEBB1E2C37720600F3B4F6 /* mp3 */ = {
			isa = PBXGroup;
			children = (
				CFEEBAE62C376CED00F3B4F6 /* A.mp3 */,
				CFEEBAE72C376CED00F3B4F6 /* B.mp3 */,
				CFEEBAE82C376CED00F3B4F6 /* C.mp3 */,
				CFEEBAE92C376CED00F3B4F6 /* D.mp3 */,
				CFEEBAEA2C376CED00F3B4F6 /* E.mp3 */,
				CFEEBAEB2C376CED00F3B4F6 /* F.mp3 */,
				CFEEBAEC2C376CED00F3B4F6 /* G.mp3 */,
				CFEEBAED2C376CED00F3B4F6 /* H.mp3 */,
				CFEEBAEE2C376CED00F3B4F6 /* I.mp3 */,
				CFEEBAEF2C376CED00F3B4F6 /* J.mp3 */,
				CFEEBAF02C376CED00F3B4F6 /* K.mp3 */,
				CFEEBAF12C376CED00F3B4F6 /* L.mp3 */,
				CFEEBAF22C376CED00F3B4F6 /* M.mp3 */,
				CFEEBAF32C376CED00F3B4F6 /* N.mp3 */,
				CFEEBAF42C376CED00F3B4F6 /* O.mp3 */,
				CFEEBAF52C376CED00F3B4F6 /* P.mp3 */,
				CFEEBAF62C376CED00F3B4F6 /* Q.mp3 */,
				CFEEBAF72C376CED00F3B4F6 /* R.mp3 */,
				CFEEBAF82C376CED00F3B4F6 /* S.mp3 */,
				CFEEBAF92C376CED00F3B4F6 /* T.mp3 */,
				CFEEBAFA2C376CED00F3B4F6 /* U.mp3 */,
				CFEEBAFB2C376CED00F3B4F6 /* V.mp3 */,
				CFEEBAFC2C376CED00F3B4F6 /* W.mp3 */,
				CFEEBAFD2C376CED00F3B4F6 /* X.mp3 */,
				CFEEBAFE2C376CED00F3B4F6 /* Y.mp3 */,
				CFEEBAFF2C376CED00F3B4F6 /* Z.mp3 */,
			);
			path = mp3;
			sourceTree = "<group>";
		};
/* End PBXGroup section */

/* Begin PBXNativeTarget section */
		CF3719D62C37598A00DF8534 /* SELCALToneGen */ = {
			isa = PBXNativeTarget;
			buildConfigurationList = CF3719EB2C37598B00DF8534 /* Build configuration list for PBXNativeTarget "SELCALToneGen" */;
			buildPhases = (
				CF3719D32C37598A00DF8534 /* Sources */,
				CF3719D42C37598A00DF8534 /* Frameworks */,
				CF3719D52C37598A00DF8534 /* Resources */,
			);
			buildRules = (
			);
			dependencies = (
			);
			name = SELCALToneGen;
			productName = SELCALToneGen;
			productReference = CF3719D72C37598A00DF8534 /* SELCALToneGen.app */;
			productType = "com.apple.product-type.application";
		};
/* End PBXNativeTarget section */

/* Begin PBXProject section */
		CF3719CF2C37598A00DF8534 /* Project object */ = {
			isa = PBXProject;
			attributes = {
				BuildIndependentTargetsInParallel = 1;
				LastSwiftUpdateCheck = 1540;
				LastUpgradeCheck = 1540;
				TargetAttributes = {
					CF3719D62C37598A00DF8534 = {
						CreatedOnToolsVersion = 15.4;
						LastSwiftMigration = 1540;
					};
				};
			};
			buildConfigurationList = CF3719D22C37598A00DF8534 /* Build configuration list for PBXProject "SELCALToneGen" */;
			compatibilityVersion = "Xcode 14.0";
			developmentRegion = en;
			hasScannedForEncodings = 0;
			knownRegions = (
				en,
				Base,
			);
			mainGroup = CF3719CE2C37598A00DF8534;
			productRefGroup = CF3719D82C37598A00DF8534 /* Products */;
			projectDirPath = "";
			projectRoot = "";
			targets = (
				CF3719D62C37598A00DF8534 /* SELCALToneGen */,
			);
		};
/* End PBXProject section */

/* Begin PBXResourcesBuildPhase section */
		CF3719D52C37598A00DF8534 /* Resources */ = {
			isa = PBXResourcesBuildPhase;
			buildActionMask = 2147483647;
			files = (
				CFEEBB152C376CED00F3B4F6 /* U.mp3 in Resources */,
				CFEEBB0A2C376CED00F3B4F6 /* J.mp3 in Resources */,
				CFEEBB052C376CED00F3B4F6 /* E.mp3 in Resources */,
				CFEEBB1A2C376CED00F3B4F6 /* Z.mp3 in Resources */,
				CFEEBB1C2C3771F700F3B4F6 /* logo.png in Resources */,
				CFEEBB162C376CED00F3B4F6 /* V.mp3 in Resources */,
				CFEEBB0F2C376CED00F3B4F6 /* O.mp3 in Resources */,
				CFEEBB0D2C376CED00F3B4F6 /* M.mp3 in Resources */,
				CFEEBB022C376CED00F3B4F6 /* B.mp3 in Resources */,
				CFEEBB0C2C376CED00F3B4F6 /* L.mp3 in Resources */,
				CFEEBB132C376CED00F3B4F6 /* S.mp3 in Resources */,
				CFEEBB072C376CED00F3B4F6 /* G.mp3 in Resources */,
				CFEEBB102C376CED00F3B4F6 /* P.mp3 in Resources */,
				CFEEBB182C376CED00F3B4F6 /* X.mp3 in Resources */,
				CFEEBB142C376CED00F3B4F6 /* T.mp3 in Resources */,
				CFEEBB0E2C376CED00F3B4F6 /* N.mp3 in Resources */,
				CFEEBB082C376CED00F3B4F6 /* H.mp3 in Resources */,
				CFEEBB062C376CED00F3B4F6 /* F.mp3 in Resources */,
				CFEEBB192C376CED00F3B4F6 /* Y.mp3 in Resources */,
				CFEEBB0B2C376CED00F3B4F6 /* K.mp3 in Resources */,
				CFEEBB112C376CED00F3B4F6 /* Q.mp3 in Resources */,
				CFEEBB122C376CED00F3B4F6 /* R.mp3 in Resources */,
				CFEEBB172C376CED00F3B4F6 /* W.mp3 in Resources */,
				CFEEBB042C376CED00F3B4F6 /* D.mp3 in Resources */,
				CFEEBB092C376CED00F3B4F6 /* I.mp3 in Resources */,
				CFEEBB012C376CED00F3B4F6 /* A.mp3 in Resources */,
				CFEEBB032C376CED00F3B4F6 /* C.mp3 in Resources */,
				CFEEBA6F2C3763C200F3B4F6 /* README.md in Resources */,
			);
			runOnlyForDeploymentPostprocessing = 0;
		};
/* End PBXResourcesBuildPhase section */

/* Begin PBXSourcesBuildPhase section */
		CF3719D32C37598A00DF8534 /* Sources */ = {
			isa = PBXSourcesBuildPhase;
			buildActionMask = 2147483647;
			files = (
				CFEEBA782C37643200F3B4F6 /* SelcalViewController.swift in Sources */,
				CFEEBA6A2C3763B800F3B4F6 /* AppDelegate.swift in Sources */,
				CFEEBA6B2C3763B800F3B4F6 /* SceneDelegate.swift in Sources */,
				CFEEBA7A2C37694B00F3B4F6 /* UI+Styling.swift in Sources */,
				CFEEBA772C37643200F3B4F6 /* HomeViewController.swift in Sources */,
			);
			runOnlyForDeploymentPostprocessing = 0;
		};
/* End PBXSourcesBuildPhase section */

/* Begin XCBuildConfiguration section */
		CF3719E92C37598B00DF8534 /* Debug */ = {
			isa = XCBuildConfiguration;
			buildSettings = {
				ALWAYS_SEARCH_USER_PATHS = NO;
				ASSETCATALOG_COMPILER_GENERATE_SWIFT_ASSET_SYMBOL_EXTENSIONS = YES;
				CLANG_ANALYZER_NONNULL = YES;
				CLANG_ANALYZER_NUMBER_OBJECT_CONVERSION = YES_AGGRESSIVE;
				CLANG_CXX_LANGUAGE_STANDARD = "gnu++20";
				CLANG_ENABLE_MODULES = YES;
				CLANG_ENABLE_OBJC_ARC = YES;
				CLANG_ENABLE_OBJC_WEAK = YES;
				CLANG_WARN_BLOCK_CAPTURE_AUTORELEASING = YES;
				CLANG_WARN_BOOL_CONVERSION = YES;
				CLANG_WARN_COMMA = YES;
				CLANG_WARN_CONSTANT_CONVERSION = YES;
				CLANG_WARN_DEPRECATED_OBJC_IMPLEMENTATIONS = YES;
				CLANG_WARN_DIRECT_OBJC_ISA_USAGE = YES_ERROR;
				CLANG_WARN_DOCUMENTATION_COMMENTS = YES;
				CLANG_WARN_EMPTY_BODY = YES;
				CLANG_WARN_ENUM_CONVERSION = YES;
				CLANG_WARN_INFINITE_RECURSION = YES;
				CLANG_WARN_INT_CONVERSION = YES;
				CLANG_WARN_NON_LITERAL_NULL_CONVERSION = YES;
				CLANG_WARN_OBJC_IMPLICIT_RETAIN_SELF = YES;
				CLANG_WARN_OBJC_LITERAL_CONVERSION = YES;
				CLANG_WARN_OBJC_ROOT_CLASS = YES_ERROR;
				CLANG_WARN_QUOTED_INCLUDE_IN_FRAMEWORK_HEADER = YES;
				CLANG_WARN_RANGE_LOOP_ANALYSIS = YES;
				CLANG_WARN_STRICT_PROTOTYPES = YES;
				CLANG_WARN_SUSPICIOUS_MOVE = YES;
				CLANG_WARN_UNGUARDED_AVAILABILITY = YES_AGGRESSIVE;
				CLANG_WARN_UNREACHABLE_CODE = YES;
				CLANG_WARN__DUPLICATE_METHOD_MATCH = YES;
				COPY_PHASE_STRIP = NO;
				DEBUG_INFORMATION_FORMAT = dwarf;
				ENABLE_STRICT_OBJC_MSGSEND = YES;
				ENABLE_TESTABILITY = YES;
				ENABLE_USER_SCRIPT_SANDBOXING = YES;
				GCC_C_LANGUAGE_STANDARD = gnu17;
				GCC_DYNAMIC_NO_PIC = NO;
				GCC_NO_COMMON_BLOCKS = YES;
				GCC_OPTIMIZATION_LEVEL = 0;
				GCC_PREPROCESSOR_DEFINITIONS = (
					"DEBUG=1",
					"$(inherited)",
				);
				GCC_WARN_64_TO_32_BIT_CONVERSION = YES;
				GCC_WARN_ABOUT_RETURN_TYPE = YES_ERROR;
				GCC_WARN_UNDECLARED_SELECTOR = YES;
				GCC_WARN_UNINITIALIZED_AUTOS = YES_AGGRESSIVE;
				GCC_WARN_UNUSED_FUNCTION = YES;
				GCC_WARN_UNUSED_VARIABLE = YES;
				IPHONEOS_DEPLOYMENT_TARGET = 17.5;
				LOCALIZATION_PREFERS_STRING_CATALOGS = YES;
				MTL_ENABLE_DEBUG_INFO = INCLUDE_SOURCE;
				MTL_FAST_MATH = YES;
				ONLY_ACTIVE_ARCH = YES;
				SDKROOT = iphoneos;
				SWIFT_ACTIVE_COMPILATION_CONDITIONS = "DEBUG $(inherited)";
				SWIFT_OPTIMIZATION_LEVEL = "-Onone";
			};
			name = Debug;
		};
		CF3719EA2C37598B00DF8534 /* Release */ = {
			isa = XCBuildConfiguration;
			buildSettings = {
				ALWAYS_SEARCH_USER_PATHS = NO;
				ASSETCATALOG_COMPILER_GENERATE_SWIFT_ASSET_SYMBOL_EXTENSIONS = YES;
				CLANG_ANALYZER_NONNULL = YES;
				CLANG_ANALYZER_NUMBER_OBJECT_CONVERSION = YES_AGGRESSIVE;
				CLANG_CXX_LANGUAGE_STANDARD = "gnu++20";
				CLANG_ENABLE_MODULES = YES;
				CLANG_ENABLE_OBJC_ARC = YES;
				CLANG_ENABLE_OBJC_WEAK = YES;
				CLANG_WARN_BLOCK_CAPTURE_AUTORELEASING = YES;
				CLANG_WARN_BOOL_CONVERSION = YES;
				CLANG_WARN_COMMA = YES;
				CLANG_WARN_CONSTANT_CONVERSION = YES;
				CLANG_WARN_DEPRECATED_OBJC_IMPLEMENTATIONS = YES;
				CLANG_WARN_DIRECT_OBJC_ISA_USAGE = YES_ERROR;
				CLANG_WARN_DOCUMENTATION_COMMENTS = YES;
				CLANG_WARN_EMPTY_BODY = YES;
				CLANG_WARN_ENUM_CONVERSION = YES;
				CLANG_WARN_INFINITE_RECURSION = YES;
				CLANG_WARN_INT_CONVERSION = YES;
				CLANG_WARN_NON_LITERAL_NULL_CONVERSION = YES;
				CLANG_WARN_OBJC_IMPLICIT_RETAIN_SELF = YES;
				CLANG_WARN_OBJC_LITERAL_CONVERSION = YES;
				CLANG_WARN_OBJC_ROOT_CLASS = YES_ERROR;
				CLANG_WARN_QUOTED_INCLUDE_IN_FRAMEWORK_HEADER = YES;
				CLANG_WARN_RANGE_LOOP_ANALYSIS = YES;
				CLANG_WARN_STRICT_PROTOTYPES = YES;
				CLANG_WARN_SUSPICIOUS_MOVE = YES;
				CLANG_WARN_UNGUARDED_AVAILABILITY = YES_AGGRESSIVE;
				CLANG_WARN_UNREACHABLE_CODE = YES;
				CLANG_WARN__DUPLICATE_METHOD_MATCH = YES;
				COPY_PHASE_STRIP = NO;
				DEBUG_INFORMATION_FORMAT = "dwarf-with-dsym";
				ENABLE_NS_ASSERTIONS = NO;
				ENABLE_STRICT_OBJC_MSGSEND = YES;
				ENABLE_USER_SCRIPT_SANDBOXING = YES;
				GCC_C_LANGUAGE_STANDARD = gnu17;
				GCC_NO_COMMON_BLOCKS = YES;
				GCC_WARN_64_TO_32_BIT_CONVERSION = YES;
				GCC_WARN_ABOUT_RETURN_TYPE = YES_ERROR;
				GCC_WARN_UNDECLARED_SELECTOR = YES;
				GCC_WARN_UNINITIALIZED_AUTOS = YES_AGGRESSIVE;
				GCC_WARN_UNUSED_FUNCTION = YES;
				GCC_WARN_UNUSED_VARIABLE = YES;
				IPHONEOS_DEPLOYMENT_TARGET = 17.5;
				LOCALIZATION_PREFERS_STRING_CATALOGS = YES;
				MTL_ENABLE_DEBUG_INFO = NO;
				MTL_FAST_MATH = YES;
				SDKROOT = iphoneos;
				SWIFT_COMPILATION_MODE = wholemodule;
				VALIDATE_PRODUCT = YES;
			};
			name = Release;
		};
		CF3719EC2C37598B00DF8534 /* Debug */ = {
			isa = XCBuildConfiguration;
			buildSettings = {
				ASSETCATALOG_COMPILER_APPICON_NAME = AppIcon;
				ASSETCATALOG_COMPILER_GLOBAL_ACCENT_COLOR_NAME = AccentColor;
				CLANG_ENABLE_MODULES = YES;
				CODE_SIGN_STYLE = Automatic;
				CURRENT_PROJECT_VERSION = 1;
				DEVELOPMENT_TEAM = 6QP5S574L5;
				GENERATE_INFOPLIST_FILE = YES;
				INFOPLIST_FILE = Info.plist;
				INFOPLIST_KEY_UIApplicationSupportsIndirectInputEvents = YES;
				INFOPLIST_KEY_UILaunchStoryboardName = LaunchScreen;
				INFOPLIST_KEY_UISupportedInterfaceOrientations_iPad = "UIInterfaceOrientationPortrait UIInterfaceOrientationPortraitUpsideDown UIInterfaceOrientationLandscapeLeft UIInterfaceOrientationLandscapeRight";
				INFOPLIST_KEY_UISupportedInterfaceOrientations_iPhone = "UIInterfaceOrientationPortrait UIInterfaceOrientationLandscapeLeft UIInterfaceOrientationLandscapeRight";
				LD_RUNPATH_SEARCH_PATHS = (
					"$(inherited)",
					"@executable_path/Frameworks",
				);
				MARKETING_VERSION = 1.0;
				PRODUCT_BUNDLE_IDENTIFIER = SkyIntel.SELCALToneGen;
				PRODUCT_NAME = "$(TARGET_NAME)";
				SWIFT_EMIT_LOC_STRINGS = YES;
				SWIFT_OPTIMIZATION_LEVEL = "-Onone";
				SWIFT_VERSION = 5.0;
				TARGETED_DEVICE_FAMILY = "1,2";
			};
			name = Debug;
		};
		CF3719ED2C37598B00DF8534 /* Release */ = {
			isa = XCBuildConfiguration;
			buildSettings = {
				ASSETCATALOG_COMPILER_APPICON_NAME = AppIcon;
				ASSETCATALOG_COMPILER_GLOBAL_ACCENT_COLOR_NAME = AccentColor;
				CLANG_ENABLE_MODULES = YES;
				CODE_SIGN_STYLE = Automatic;
				CURRENT_PROJECT_VERSION = 1;
				DEVELOPMENT_TEAM = 6QP5S574L5;
				GENERATE_INFOPLIST_FILE = YES;
				INFOPLIST_FILE = Info.plist;
				INFOPLIST_KEY_UIApplicationSupportsIndirectInputEvents = YES;
				INFOPLIST_KEY_UILaunchStoryboardName = LaunchScreen;
				INFOPLIST_KEY_UISupportedInterfaceOrientations_iPad = "UIInterfaceOrientationPortrait UIInterfaceOrientationPortraitUpsideDown UIInterfaceOrientationLandscapeLeft UIInterfaceOrientationLandscapeRight";
				INFOPLIST_KEY_UISupportedInterfaceOrientations_iPhone = "UIInterfaceOrientationPortrait UIInterfaceOrientationLandscapeLeft UIInterfaceOrientationLandscapeRight";
				LD_RUNPATH_SEARCH_PATHS = (
					"$(inherited)",
					"@executable_path/Frameworks",
				);
				MARKETING_VERSION = 1.0;
				PRODUCT_BUNDLE_IDENTIFIER = SkyIntel.SELCALToneGen;
				PRODUCT_NAME = "$(TARGET_NAME)";
				SWIFT_EMIT_LOC_STRINGS = YES;
				SWIFT_VERSION = 5.0;
				TARGETED_DEVICE_FAMILY = "1,2";
			};
			name = Release;
		};
/* End XCBuildConfiguration section */

/* Begin XCConfigurationList section */
		CF3719D22C37598A00DF8534 /* Build configuration list for PBXProject "SELCALToneGen" */ = {
			isa = XCConfigurationList;
			buildConfigurations = (
				CF3719E92C37598B00DF8534 /* Debug */,
				CF3719EA2C37598B00DF8534 /* Release */,
			);
			defaultConfigurationIsVisible = 0;
			defaultConfigurationName = Release;
		};
		CF3719EB2C37598B00DF8534 /* Build configuration list for PBXNativeTarget "SELCALToneGen" */ = {
			isa = XCConfigurationList;
			buildConfigurations = (
				CF3719EC2C37598B00DF8534 /* Debug */,
				CF3719ED2C37598B00DF8534 /* Release */,
			);
			defaultConfigurationIsVisible = 0;
			defaultConfigurationName = Release;
		};
/* End XCConfigurationList section */
	};
	rootObject = CF3719CF2C37598A00DF8534 /* Project object */;
}
