// !$*UTF8*$!
{
	archiveVersion = 1;
	classes = {
	};
	objectVersion = 56;
	objects = {

/* Begin PBXBuildFile section */
		CFEEBA6A2C3763B800F3B4F6 /* AppDelegate.swift in Sources */ = {isa = PBXBuildFile; fileRef = CFEEBA682C3763B800F3B4F6 /* AppDelegate.swift */; };
		CFEEBA6B2C3763B800F3B4F6 /* SceneDelegate.swift in Sources */ = {isa = PBXBuildFile; fileRef = CFEEBA692C3763B800F3B4F6 /* SceneDelegate.swift */; };
		CFEEBA6F2C3763C200F3B4F6 /* README.md in Resources */ = {isa = PBXBuildFile; fileRef = CFEEBA6D2C3763C200F3B4F6 /* README.md */; };
		CFEEBA772C37643200F3B4F6 /* HomeViewController.swift in Sources */ = {isa = PBXBuildFile; fileRef = CFEEBA742C37643200F3B4F6 /* HomeViewController.swift */; };
		CFEEBA782C37643200F3B4F6 /* SelcalViewController.swift in Sources */ = {isa = PBXBuildFile; fileRef = CFEEBA752C37643200F3B4F6 /* SelcalViewController.swift */; };
		CFEEBA7A2C37694B00F3B4F6 /* UI+Styling.swift in Sources */ = {isa = PBXBuildFile; fileRef = CFEEBA792C37694B00F3B4F6 /* UI+Styling.swift */; };
		CFEEBB1C2C3771F700F3B4F6 /* logo.png in Resources */ = {isa = PBXBuildFile; fileRef = CFEEBB1B2C3771F700F3B4F6 /* logo.png */; };
		CFEEBB4F2C3840D800F3B4F6 /* B.mp3 in Resources */ = {isa = PBXBuildFile; fileRef = CFEEBB3F2C3840D700F3B4F6 /* B.mp3 */; };
		CFEEBB502C3840D800F3B4F6 /* J.mp3 in Resources */ = {isa = PBXBuildFile; fileRef = CFEEBB402C3840D800F3B4F6 /* J.mp3 */; };
		CFEEBB512C3840D800F3B4F6 /* P.mp3 in Resources */ = {isa = PBXBuildFile; fileRef = CFEEBB412C3840D800F3B4F6 /* P.mp3 */; };
		CFEEBB522C3840D800F3B4F6 /* K.mp3 in Resources */ = {isa = PBXBuildFile; fileRef = CFEEBB422C3840D800F3B4F6 /* K.mp3 */; };
		CFEEBB532C3840D800F3B4F6 /* M.mp3 in Resources */ = {isa = PBXBuildFile; fileRef = CFEEBB432C3840D800F3B4F6 /* M.mp3 */; };
		CFEEBB542C3840D800F3B4F6 /* L.mp3 in Resources */ = {isa = PBXBuildFile; fileRef = CFEEBB442C3840D800F3B4F6 /* L.mp3 */; };
		CFEEBB552C3840D800F3B4F6 /* G.mp3 in Resources */ = {isa = PBXBuildFile; fileRef = CFEEBB452C3840D800F3B4F6 /* G.mp3 */; };
		CFEEBB562C3840D800F3B4F6 /* R.mp3 in Resources */ = {isa = PBXBuildFile; fileRef = CFEEBB462C3840D800F3B4F6 /* R.mp3 */; };
		CFEEBB572C3840D800F3B4F6 /* E.mp3 in Resources */ = {isa = PBXBuildFile; fileRef = CFEEBB472C3840D800F3B4F6 /* E.mp3 */; };
		CFEEBB582C3840D800F3B4F6 /* F.mp3 in Resources */ = {isa = PBXBuildFile; fileRef = CFEEBB482C3840D800F3B4F6 /* F.mp3 */; };
		CFEEBB592C3840D800F3B4F6 /* D.mp3 in Resources */ = {isa = PBXBuildFile; fileRef = CFEEBB492C3840D800F3B4F6 /* D.mp3 */; };
		CFEEBB5A2C3840D800F3B4F6 /* C.mp3 in Resources */ = {isa = PBXBuildFile; fileRef = CFEEBB4A2C3840D800F3B4F6 /* C.mp3 */; };
		CFEEBB5B2C3840D800F3B4F6 /* Q.mp3 in Resources */ = {isa = PBXBuildFile; fileRef = CFEEBB4B2C3840D800F3B4F6 /* Q.mp3 */; };
		CFEEBB5C2C3840D800F3B4F6 /* S.mp3 in Resources */ = {isa = PBXBuildFile; fileRef = CFEEBB4C2C3840D800F3B4F6 /* S.mp3 */; };
		CFEEBB5D2C3840D800F3B4F6 /* A.mp3 in Resources */ = {isa = PBXBuildFile; fileRef = CFEEBB4D2C3840D800F3B4F6 /* A.mp3 */; };
		CFEEBB5E2C3840D800F3B4F6 /* H.mp3 in Resources */ = {isa = PBXBuildFile; fileRef = CFEEBB4E2C3840D800F3B4F6 /* H.mp3 */; };
		CFEEBB602C38417800F3B4F6 /* SelcalView.swift in Sources */ = {isa = PBXBuildFile; fileRef = CFEEBB5F2C38417800F3B4F6 /* SelcalView.swift */; };
		CFEEBB632C38419500F3B4F6 /* SelcalModel.swift in Sources */ = {isa = PBXBuildFile; fileRef = CFEEBB622C38419500F3B4F6 /* SelcalModel.swift */; };
/* End PBXBuildFile section */

/* Begin PBXFileReference section */
		CF3719D72C37598A00DF8534 /* SELCALToneGen.app */ = {isa = PBXFileReference; explicitFileType = wrapper.application; includeInIndex = 0; path = SELCALToneGen.app; sourceTree = BUILT_PRODUCTS_DIR; };
		CFEEBA682C3763B800F3B4F6 /* AppDelegate.swift */ = {isa = PBXFileReference; fileEncoding = 4; lastKnownFileType = sourcecode.swift; path = AppDelegate.swift; sourceTree = "<group>"; };
		CFEEBA692C3763B800F3B4F6 /* SceneDelegate.swift */ = {isa = PBXFileReference; fileEncoding = 4; lastKnownFileType = sourcecode.swift; path = SceneDelegate.swift; sourceTree = "<group>"; };
		CFEEBA6C2C3763C200F3B4F6 /* Info.plist */ = {isa = PBXFileReference; fileEncoding = 4; lastKnownFileType = text.plist.xml; path = Info.plist; sourceTree = "<group>"; };
		CFEEBA6D2C3763C200F3B4F6 /* README.md */ = {isa = PBXFileReference; fileEncoding = 4; lastKnownFileType = net.daringfireball.markdown; path = README.md; sourceTree = "<group>"; };
		CFEEBA742C37643200F3B4F6 /* HomeViewController.swift */ = {isa = PBXFileReference; fileEncoding = 4; lastKnownFileType = sourcecode.swift; path = HomeViewController.swift; sourceTree = "<group>"; };
		CFEEBA752C37643200F3B4F6 /* SelcalViewController.swift */ = {isa = PBXFileReference; fileEncoding = 4; lastKnownFileType = sourcecode.swift; path = SelcalViewController.swift; sourceTree = "<group>"; };
		CFEEBA792C37694B00F3B4F6 /* UI+Styling.swift */ = {isa = PBXFileReference; lastKnownFileType = sourcecode.swift; path = "UI+Styling.swift"; sourceTree = "<group>"; };
		CFEEBB1B2C3771F700F3B4F6 /* logo.png */ = {isa = PBXFileReference; lastKnownFileType = image.png; path = logo.png; sourceTree = "<group>"; };
		CFEEBB3F2C3840D700F3B4F6 /* B.mp3 */ = {isa = PBXFileReference; lastKnownFileType = audio.mp3; path = B.mp3; sourceTree = "<group>"; };
		CFEEBB402C3840D800F3B4F6 /* J.mp3 */ = {isa = PBXFileReference; lastKnownFileType = audio.mp3; path = J.mp3; sourceTree = "<group>"; };
		CFEEBB412C3840D800F3B4F6 /* P.mp3 */ = {isa = PBXFileReference; lastKnownFileType = audio.mp3; path = P.mp3; sourceTree = "<group>"; };
		CFEEBB422C3840D800F3B4F6 /* K.mp3 */ = {isa = PBXFileReference; lastKnownFileType = audio.mp3; path = K.mp3; sourceTree = "<group>"; };
		CFEEBB432C3840D800F3B4F6 /* M.mp3 */ = {isa = PBXFileReference; lastKnownFileType = audio.mp3; path = M.mp3; sourceTree = "<group>"; };
		CFEEBB442C3840D800F3B4F6 /* L.mp3 */ = {isa = PBXFileReference; lastKnownFileType = audio.mp3; path = L.mp3; sourceTree = "<group>"; };
		CFEEBB452C3840D800F3B4F6 /* G.mp3 */ = {isa = PBXFileReference; lastKnownFileType = audio.mp3; path = G.mp3; sourceTree = "<group>"; };
		CFEEBB462C3840D800F3B4F6 /* R.mp3 */ = {isa = PBXFileReference; lastKnownFileType = audio.mp3; path = R.mp3; sourceTree = "<group>"; };
		CFEEBB472C3840D800F3B4F6 /* E.mp3 */ = {isa = PBXFileReference; lastKnownFileType = audio.mp3; path = E.mp3; sourceTree = "<group>"; };
		CFEEBB482C3840D800F3B4F6 /* F.mp3 */ = {isa = PBXFileReference; lastKnownFileType = audio.mp3; path = F.mp3; sourceTree = "<group>"; };
		CFEEBB492C3840D800F3B4F6 /* D.mp3 */ = {isa = PBXFileReference; lastKnownFileType = audio.mp3; path = D.mp3; sourceTree = "<group>"; };
		CFEEBB4A2C3840D800F3B4F6 /* C.mp3 */ = {isa = PBXFileReference; lastKnownFileType = audio.mp3; path = C.mp3; sourceTree = "<group>"; };
		CFEEBB4B2C3840D800F3B4F6 /* Q.mp3 */ = {isa = PBXFileReference; lastKnownFileType = audio.mp3; path = Q.mp3; sourceTree = "<group>"; };
		CFEEBB4C2C3840D800F3B4F6 /* S.mp3 */ = {isa = PBXFileReference; lastKnownFileType = audio.mp3; path = S.mp3; sourceTree = "<group>"; };
		CFEEBB4D2C3840D800F3B4F6 /* A.mp3 */ = {isa = PBXFileReference; lastKnownFileType = audio.mp3; path = A.mp3; sourceTree = "<group>"; };
		CFEEBB4E2C3840D800F3B4F6 /* H.mp3 */ = {isa = PBXFileReference; lastKnownFileType = audio.mp3; path = H.mp3; sourceTree = "<group>"; };
		CFEEBB5F2C38417800F3B4F6 /* SelcalView.swift */ = {isa = PBXFileReference; lastKnownFileType = sourcecode.swift; path = SelcalView.swift; sourceTree = "<group>"; };
		CFEEBB622C38419500F3B4F6 /* SelcalModel.swift */ = {isa = PBXFileReference; lastKnownFileType = sourcecode.swift; path = SelcalModel.swift; sourceTree = "<group>"; };
/* End PBXFileReference section */

/* Begin PBXFrameworksBuildPhase section */
		CF3719D42C37598A00DF8534 /* Frameworks */ = {
			isa = PBXFrameworksBuildPhase;
			buildActionMask = 2147483647;
			files = (
			);
			runOnlyForDeploymentPostprocessing = 0;
		};
/* End PBXFrameworksBuildPhase section */

/* Begin PBXGroup section */
		CF3719CE2C37598A00DF8534 = {
			isa = PBXGroup;
			children = (
				CFEEBB612C38418500F3B4F6 /* Model */,
				CFEEBB002C376CED00F3B4F6 /* Resources */,
				CFEEBA7B2C37694E00F3B4F6 /* Utilities */,
				CFEEBA762C37643200F3B4F6 /* Views */,
				CFEEBA6C2C3763C200F3B4F6 /* Info.plist */,
				CFEEBA6D2C3763C200F3B4F6 /* README.md */,
				CFEEBA682C3763B800F3B4F6 /* AppDelegate.swift */,
				CFEEBA692C3763B800F3B4F6 /* SceneDelegate.swift */,
				CF3719D82C37598A00DF8534 /* Products */,
			);
			sourceTree = "<group>";
		};
		CF3719D82C37598A00DF8534 /* Products */ = {
			isa = PBXGroup;
			children = (
				CF3719D72C37598A00DF8534 /* SELCALToneGen.app */,
			);
			name = Products;
			sourceTree = "<group>";
		};
		CFEEBA762C37643200F3B4F6 /* Views */ = {
			isa = PBXGroup;
			children = (
				CFEEBA742C37643200F3B4F6 /* HomeViewController.swift */,
				CFEEBA752C37643200F3B4F6 /* SelcalViewController.swift */,
				CFEEBB5F2C38417800F3B4F6 /* SelcalView.swift */,
			);
			path = Views;
			sourceTree = "<group>";
		};
		CFEEBA7B2C37694E00F3B4F6 /* Utilities */ = {
			isa = PBXGroup;
			children = (
				CFEEBA792C37694B00F3B4F6 /* UI+Styling.swift */,
			);
			path = Utilities;
			sourceTree = "<group>";
		};
		CFEEBB002C376CED00F3B4F6 /* Resources */ = {
			isa = PBXGroup;
			children = (
				CFEEBB1E2C37720600F3B4F6 /* mp3 */,
				CFEEBB1B2C3771F700F3B4F6 /* logo.png */,
			);
			path = Resources;
			sourceTree = "<group>";
		};
		CFEEBB1E2C37720600F3B4F6 /* mp3 */ = {
			isa = PBXGroup;
			children = (
				CFEEBB4D2C3840D800F3B4F6 /* A.mp3 */,
				CFEEBB3F2C3840D700F3B4F6 /* B.mp3 */,
				CFEEBB4A2C3840D800F3B4F6 /* C.mp3 */,
				CFEEBB492C3840D800F3B4F6 /* D.mp3 */,
				CFEEBB472C3840D800F3B4F6 /* E.mp3 */,
				CFEEBB482C3840D800F3B4F6 /* F.mp3 */,
				CFEEBB452C3840D800F3B4F6 /* G.mp3 */,
				CFEEBB4E2C3840D800F3B4F6 /* H.mp3 */,
				CFEEBB402C3840D800F3B4F6 /* J.mp3 */,
				CFEEBB422C3840D800F3B4F6 /* K.mp3 */,
				CFEEBB442C3840D800F3B4F6 /* L.mp3 */,
				CFEEBB432C3840D800F3B4F6 /* M.mp3 */,
				CFEEBB412C3840D800F3B4F6 /* P.mp3 */,
				CFEEBB4B2C3840D800F3B4F6 /* Q.mp3 */,
				CFEEBB462C3840D800F3B4F6 /* R.mp3 */,
				CFEEBB4C2C3840D800F3B4F6 /* S.mp3 */,
			);
			path = mp3;
			sourceTree = "<group>";
		};
		CFEEBB612C38418500F3B4F6 /* Model */ = {
			isa = PBXGroup;
			children = (
				CFEEBB622C38419500F3B4F6 /* SelcalModel.swift */,
			);
			path = Model;
			sourceTree = "<group>";
		};
/* End PBXGroup section */

/* Begin PBXNativeTarget section */
		CF3719D62C37598A00DF8534 /* SELCALToneGen */ = {
			isa = PBXNativeTarget;
			buildConfigurationList = CF3719EB2C37598B00DF8534 /* Build configuration list for PBXNativeTarget "SELCALToneGen" */;
			buildPhases = (
				CF3719D32C37598A00DF8534 /* Sources */,
				CF3719D42C37598A00DF8534 /* Frameworks */,
				CF3719D52C37598A00DF8534 /* Resources */,
			);
			buildRules = (
			);
			dependencies = (
			);
			name = SELCALToneGen;
			productName = SELCALToneGen;
			productReference = CF3719D72C37598A00DF8534 /* SELCALToneGen.app */;
			productType = "com.apple.product-type.application";
		};
/* End PBXNativeTarget section */

/* Begin PBXProject section */
		CF3719CF2C37598A00DF8534 /* Project object */ = {
			isa = PBXProject;
			attributes = {
				BuildIndependentTargetsInParallel = 1;
				LastSwiftUpdateCheck = 1540;
				LastUpgradeCheck = 1540;
				TargetAttributes = {
					CF3719D62C37598A00DF8534 = {
						CreatedOnToolsVersion = 15.4;
						LastSwiftMigration = 1540;
					};
				};
			};
			buildConfigurationList = CF3719D22C37598A00DF8534 /* Build configuration list for PBXProject "SELCALToneGen" */;
			compatibilityVersion = "Xcode 14.0";
			developmentRegion = en;
			hasScannedForEncodings = 0;
			knownRegions = (
				en,
				Base,
			);
			mainGroup = CF3719CE2C37598A00DF8534;
			productRefGroup = CF3719D82C37598A00DF8534 /* Products */;
			projectDirPath = "";
			projectRoot = "";
			targets = (
				CF3719D62C37598A00DF8534 /* SELCALToneGen */,
			);
		};
/* End PBXProject section */

/* Begin PBXResourcesBuildPhase section */
		CF3719D52C37598A00DF8534 /* Resources */ = {
			isa = PBXResourcesBuildPhase;
			buildActionMask = 2147483647;
			files = (
				CFEEBB5B2C3840D800F3B4F6 /* Q.mp3 in Resources */,
				CFEEBB5A2C3840D800F3B4F6 /* C.mp3 in Resources */,
				CFEEBB572C3840D800F3B4F6 /* E.mp3 in Resources */,
				CFEEBB5E2C3840D800F3B4F6 /* H.mp3 in Resources */,
				CFEEBB522C3840D800F3B4F6 /* K.mp3 in Resources */,
				CFEEBB4F2C3840D800F3B4F6 /* B.mp3 in Resources */,
				CFEEBB532C3840D800F3B4F6 /* M.mp3 in Resources */,
				CFEEBB5C2C3840D800F3B4F6 /* S.mp3 in Resources */,
				CFEEBB592C3840D800F3B4F6 /* D.mp3 in Resources */,
				CFEEBB562C3840D800F3B4F6 /* R.mp3 in Resources */,
				CFEEBB5D2C3840D800F3B4F6 /* A.mp3 in Resources */,
				CFEEBB502C3840D800F3B4F6 /* J.mp3 in Resources */,
				CFEEBB512C3840D800F3B4F6 /* P.mp3 in Resources */,
				CFEEBB1C2C3771F700F3B4F6 /* logo.png in Resources */,
				CFEEBB552C3840D800F3B4F6 /* G.mp3 in Resources */,
				CFEEBB582C3840D800F3B4F6 /* F.mp3 in Resources */,
				CFEEBA6F2C3763C200F3B4F6 /* README.md in Resources */,
				CFEEBB542C3840D800F3B4F6 /* L.mp3 in Resources */,
			);
			runOnlyForDeploymentPostprocessing = 0;
		};
/* End PBXResourcesBuildPhase section */

/* Begin PBXSourcesBuildPhase section */
		CF3719D32C37598A00DF8534 /* Sources */ = {
			isa = PBXSourcesBuildPhase;
			buildActionMask = 2147483647;
			files = (
				CFEEBA782C37643200F3B4F6 /* SelcalViewController.swift in Sources */,
				CFEEBA6A2C3763B800F3B4F6 /* AppDelegate.swift in Sources */,
				CFEEBB632C38419500F3B4F6 /* SelcalModel.swift in Sources */,
				CFEEBA6B2C3763B800F3B4F6 /* SceneDelegate.swift in Sources */,
				CFEEBA7A2C37694B00F3B4F6 /* UI+Styling.swift in Sources */,
				CFEEBB602C38417800F3B4F6 /* SelcalView.swift in Sources */,
				CFEEBA772C37643200F3B4F6 /* HomeViewController.swift in Sources */,
			);
			runOnlyForDeploymentPostprocessing = 0;
		};
/* End PBXSourcesBuildPhase section */

/* Begin XCBuildConfiguration section */
		CF3719E92C37598B00DF8534 /* Debug */ = {
			isa = XCBuildConfiguration;
			buildSettings = {
				ALWAYS_SEARCH_USER_PATHS = NO;
				ASSETCATALOG_COMPILER_GENERATE_SWIFT_ASSET_SYMBOL_EXTENSIONS = YES;
				CLANG_ANALYZER_NONNULL = YES;
				CLANG_ANALYZER_NUMBER_OBJECT_CONVERSION = YES_AGGRESSIVE;
				CLANG_CXX_LANGUAGE_STANDARD = "gnu++20";
				CLANG_ENABLE_MODULES = YES;
				CLANG_ENABLE_OBJC_ARC = YES;
				CLANG_ENABLE_OBJC_WEAK = YES;
				CLANG_WARN_BLOCK_CAPTURE_AUTORELEASING = YES;
				CLANG_WARN_BOOL_CONVERSION = YES;
				CLANG_WARN_COMMA = YES;
				CLANG_WARN_CONSTANT_CONVERSION = YES;
				CLANG_WARN_DEPRECATED_OBJC_IMPLEMENTATIONS = YES;
				CLANG_WARN_DIRECT_OBJC_ISA_USAGE = YES_ERROR;
				CLANG_WARN_DOCUMENTATION_COMMENTS = YES;
				CLANG_WARN_EMPTY_BODY = YES;
				CLANG_WARN_ENUM_CONVERSION = YES;
				CLANG_WARN_INFINITE_RECURSION = YES;
				CLANG_WARN_INT_CONVERSION = YES;
				CLANG_WARN_NON_LITERAL_NULL_CONVERSION = YES;
				CLANG_WARN_OBJC_IMPLICIT_RETAIN_SELF = YES;
				CLANG_WARN_OBJC_LITERAL_CONVERSION = YES;
				CLANG_WARN_OBJC_ROOT_CLASS = YES_ERROR;
				CLANG_WARN_QUOTED_INCLUDE_IN_FRAMEWORK_HEADER = YES;
				CLANG_WARN_RANGE_LOOP_ANALYSIS = YES;
				CLANG_WARN_STRICT_PROTOTYPES = YES;
				CLANG_WARN_SUSPICIOUS_MOVE = YES;
				CLANG_WARN_UNGUARDED_AVAILABILITY = YES_AGGRESSIVE;
				CLANG_WARN_UNREACHABLE_CODE = YES;
				CLANG_WARN__DUPLICATE_METHOD_MATCH = YES;
				COPY_PHASE_STRIP = NO;
				DEBUG_INFORMATION_FORMAT = dwarf;
				ENABLE_STRICT_OBJC_MSGSEND = YES;
				ENABLE_TESTABILITY = YES;
				ENABLE_USER_SCRIPT_SANDBOXING = YES;
				GCC_C_LANGUAGE_STANDARD = gnu17;
				GCC_DYNAMIC_NO_PIC = NO;
				GCC_NO_COMMON_BLOCKS = YES;
				GCC_OPTIMIZATION_LEVEL = 0;
				GCC_PREPROCESSOR_DEFINITIONS = (
					"DEBUG=1",
					"$(inherited)",
				);
				GCC_WARN_64_TO_32_BIT_CONVERSION = YES;
				GCC_WARN_ABOUT_RETURN_TYPE = YES_ERROR;
				GCC_WARN_UNDECLARED_SELECTOR = YES;
				GCC_WARN_UNINITIALIZED_AUTOS = YES_AGGRESSIVE;
				GCC_WARN_UNUSED_FUNCTION = YES;
				GCC_WARN_UNUSED_VARIABLE = YES;
				IPHONEOS_DEPLOYMENT_TARGET = 17.5;
				LOCALIZATION_PREFERS_STRING_CATALOGS = YES;
				MTL_ENABLE_DEBUG_INFO = INCLUDE_SOURCE;
				MTL_FAST_MATH = YES;
				ONLY_ACTIVE_ARCH = YES;
				SDKROOT = iphoneos;
				SWIFT_ACTIVE_COMPILATION_CONDITIONS = "DEBUG $(inherited)";
				SWIFT_OPTIMIZATION_LEVEL = "-Onone";
			};
			name = Debug;
		};
		CF3719EA2C37598B00DF8534 /* Release */ = {
			isa = XCBuildConfiguration;
			buildSettings = {
				ALWAYS_SEARCH_USER_PATHS = NO;
				ASSETCATALOG_COMPILER_GENERATE_SWIFT_ASSET_SYMBOL_EXTENSIONS = YES;
				CLANG_ANALYZER_NONNULL = YES;
				CLANG_ANALYZER_NUMBER_OBJECT_CONVERSION = YES_AGGRESSIVE;
				CLANG_CXX_LANGUAGE_STANDARD = "gnu++20";
				CLANG_ENABLE_MODULES = YES;
				CLANG_ENABLE_OBJC_ARC = YES;
				CLANG_ENABLE_OBJC_WEAK = YES;
				CLANG_WARN_BLOCK_CAPTURE_AUTORELEASING = YES;
				CLANG_WARN_BOOL_CONVERSION = YES;
				CLANG_WARN_COMMA = YES;
				CLANG_WARN_CONSTANT_CONVERSION = YES;
				CLANG_WARN_DEPRECATED_OBJC_IMPLEMENTATIONS = YES;
				CLANG_WARN_DIRECT_OBJC_ISA_USAGE = YES_ERROR;
				CLANG_WARN_DOCUMENTATION_COMMENTS = YES;
				CLANG_WARN_EMPTY_BODY = YES;
				CLANG_WARN_ENUM_CONVERSION = YES;
				CLANG_WARN_INFINITE_RECURSION = YES;
				CLANG_WARN_INT_CONVERSION = YES;
				CLANG_WARN_NON_LITERAL_NULL_CONVERSION = YES;
				CLANG_WARN_OBJC_IMPLICIT_RETAIN_SELF = YES;
				CLANG_WARN_OBJC_LITERAL_CONVERSION = YES;
				CLANG_WARN_OBJC_ROOT_CLASS = YES_ERROR;
				CLANG_WARN_QUOTED_INCLUDE_IN_FRAMEWORK_HEADER = YES;
				CLANG_WARN_RANGE_LOOP_ANALYSIS = YES;
				CLANG_WARN_STRICT_PROTOTYPES = YES;
				CLANG_WARN_SUSPICIOUS_MOVE = YES;
				CLANG_WARN_UNGUARDED_AVAILABILITY = YES_AGGRESSIVE;
				CLANG_WARN_UNREACHABLE_CODE = YES;
				CLANG_WARN__DUPLICATE_METHOD_MATCH = YES;
				COPY_PHASE_STRIP = NO;
				DEBUG_INFORMATION_FORMAT = "dwarf-with-dsym";
				ENABLE_NS_ASSERTIONS = NO;
				ENABLE_STRICT_OBJC_MSGSEND = YES;
				ENABLE_USER_SCRIPT_SANDBOXING = YES;
				GCC_C_LANGUAGE_STANDARD = gnu17;
				GCC_NO_COMMON_BLOCKS = YES;
				GCC_WARN_64_TO_32_BIT_CONVERSION = YES;
				GCC_WARN_ABOUT_RETURN_TYPE = YES_ERROR;
				GCC_WARN_UNDECLARED_SELECTOR = YES;
				GCC_WARN_UNINITIALIZED_AUTOS = YES_AGGRESSIVE;
				GCC_WARN_UNUSED_FUNCTION = YES;
				GCC_WARN_UNUSED_VARIABLE = YES;
				IPHONEOS_DEPLOYMENT_TARGET = 17.5;
				LOCALIZATION_PREFERS_STRING_CATALOGS = YES;
				MTL_ENABLE_DEBUG_INFO = NO;
				MTL_FAST_MATH = YES;
				SDKROOT = iphoneos;
				SWIFT_COMPILATION_MODE = wholemodule;
				VALIDATE_PRODUCT = YES;
			};
			name = Release;
		};
		CF3719EC2C37598B00DF8534 /* Debug */ = {
			isa = XCBuildConfiguration;
			buildSettings = {
				ASSETCATALOG_COMPILER_APPICON_NAME = AppIcon;
				ASSETCATALOG_COMPILER_GLOBAL_ACCENT_COLOR_NAME = AccentColor;
				CLANG_ENABLE_MODULES = YES;
				CODE_SIGN_STYLE = Automatic;
				CURRENT_PROJECT_VERSION = 1;
				DEVELOPMENT_TEAM = 6QP5S574L5;
				GENERATE_INFOPLIST_FILE = YES;
				INFOPLIST_FILE = Info.plist;
				INFOPLIST_KEY_UIApplicationSupportsIndirectInputEvents = YES;
				INFOPLIST_KEY_UILaunchStoryboardName = LaunchScreen;
				INFOPLIST_KEY_UISupportedInterfaceOrientations_iPad = "UIInterfaceOrientationPortrait UIInterfaceOrientationPortraitUpsideDown UIInterfaceOrientationLandscapeLeft UIInterfaceOrientationLandscapeRight";
				INFOPLIST_KEY_UISupportedInterfaceOrientations_iPhone = "UIInterfaceOrientationPortrait UIInterfaceOrientationLandscapeLeft UIInterfaceOrientationLandscapeRight";
				LD_RUNPATH_SEARCH_PATHS = (
					"$(inherited)",
					"@executable_path/Frameworks",
				);
				MARKETING_VERSION = 1.0;
				PRODUCT_BUNDLE_IDENTIFIER = SkyIntel.SELCALToneGen;
				PRODUCT_NAME = "$(TARGET_NAME)";
				SWIFT_EMIT_LOC_STRINGS = YES;
				SWIFT_OPTIMIZATION_LEVEL = "-Onone";
				SWIFT_VERSION = 5.0;
				TARGETED_DEVICE_FAMILY = "1,2";
			};
			name = Debug;
		};
		CF3719ED2C37598B00DF8534 /* Release */ = {
			isa = XCBuildConfiguration;
			buildSettings = {
				ASSETCATALOG_COMPILER_APPICON_NAME = AppIcon;
				ASSETCATALOG_COMPILER_GLOBAL_ACCENT_COLOR_NAME = AccentColor;
				CLANG_ENABLE_MODULES = YES;
				CODE_SIGN_STYLE = Automatic;
				CURRENT_PROJECT_VERSION = 1;
				DEVELOPMENT_TEAM = 6QP5S574L5;
				GENERATE_INFOPLIST_FILE = YES;
				INFOPLIST_FILE = Info.plist;
				INFOPLIST_KEY_UIApplicationSupportsIndirectInputEvents = YES;
				INFOPLIST_KEY_UILaunchStoryboardName = LaunchScreen;
				INFOPLIST_KEY_UISupportedInterfaceOrientations_iPad = "UIInterfaceOrientationPortrait UIInterfaceOrientationPortraitUpsideDown UIInterfaceOrientationLandscapeLeft UIInterfaceOrientationLandscapeRight";
				INFOPLIST_KEY_UISupportedInterfaceOrientations_iPhone = "UIInterfaceOrientationPortrait UIInterfaceOrientationLandscapeLeft UIInterfaceOrientationLandscapeRight";
				LD_RUNPATH_SEARCH_PATHS = (
					"$(inherited)",
					"@executable_path/Frameworks",
				);
				MARKETING_VERSION = 1.0;
				PRODUCT_BUNDLE_IDENTIFIER = SkyIntel.SELCALToneGen;
				PRODUCT_NAME = "$(TARGET_NAME)";
				SWIFT_EMIT_LOC_STRINGS = YES;
				SWIFT_VERSION = 5.0;
				TARGETED_DEVICE_FAMILY = "1,2";
			};
			name = Release;
		};
/* End XCBuildConfiguration section */

/* Begin XCConfigurationList section */
		CF3719D22C37598A00DF8534 /* Build configuration list for PBXProject "SELCALToneGen" */ = {
			isa = XCConfigurationList;
			buildConfigurations = (
				CF3719E92C37598B00DF8534 /* Debug */,
				CF3719EA2C37598B00DF8534 /* Release */,
			);
			defaultConfigurationIsVisible = 0;
			defaultConfigurationName = Release;
		};
		CF3719EB2C37598B00DF8534 /* Build configuration list for PBXNativeTarget "SELCALToneGen" */ = {
			isa = XCConfigurationList;
			buildConfigurations = (
				CF3719EC2C37598B00DF8534 /* Debug */,
				CF3719ED2C37598B00DF8534 /* Release */,
			);
			defaultConfigurationIsVisible = 0;
			defaultConfigurationName = Release;
		};
/* End XCConfigurationList section */
	};
	rootObject = CF3719CF2C37598A00DF8534 /* Project object */;
}
